
Microsoft Visual Studio Solution File, Format Version 12.00
# Visual Studio Version 16
VisualStudioVersion = 16.0.29613.14
MinimumVisualStudioVersion = 10.0.40219.1
Project("{FAE04EC0-301F-11D3-BF4B-00C04F79EFBC}") = "AReSSO", "AReSSO.csproj", "{0BE74490-4929-4A42-9096-77136A936F2E}"
EndProject
Global
	GlobalSection(SolutionConfigurationPlatforms) = preSolution
		Debug|Any CPU = Debug|Any CPU
		Release|Any CPU = Release|Any CPU
	EndGlobalSection
	GlobalSection(ProjectConfigurationPlatforms) = postSolution
		{0BE74490-4929-4A42-9096-77136A936F2E}.Debug|Any CPU.ActiveCfg = Debug|Any CPU
		{0BE74490-4929-4A42-9096-77136A936F2E}.Debug|Any CPU.Build.0 = Debug|Any CPU
		{0BE74490-4929-4A42-9096-77136A936F2E}.Release|Any CPU.ActiveCfg = Release|Any CPU
		{0BE74490-4929-4A42-9096-77136A936F2E}.Release|Any CPU.Build.0 = Release|Any CPU
	EndGlobalSection
	GlobalSection(SolutionProperties) = preSolution
		HideSolutionNode = FALSE
	EndGlobalSection
	GlobalSection(ExtensibilityGlobals) = postSolution
		SolutionGuid = {E3D5BD48-5202-467E-BB59-2B025BAD3035}
	EndGlobalSection
EndGlobal
